
Microsoft Visual Studio Solution File, Format Version 12.00
# Visual Studio Version 17
VisualStudioVersion = 17.5.33516.290
MinimumVisualStudioVersion = 10.0.40219.1
Project("{888888A0-9F3D-457C-B088-3A5042F75D52}") = "C1DCT_2_64_4_2", "C1DCT_2_64_4_2\C1DCT_2_64_4_2.pyproj", "{7EAB15C5-D19B-4444-9ED8-7F2BA0B0A685}"
EndProject
Global
	GlobalSection(SolutionConfigurationPlatforms) = preSolution
		Debug|Any CPU = Debug|Any CPU
		Release|Any CPU = Release|Any CPU
	EndGlobalSection
	GlobalSection(ProjectConfigurationPlatforms) = postSolution
		{7EAB15C5-D19B-4444-9ED8-7F2BA0B0A685}.Debug|Any CPU.ActiveCfg = Debug|Any CPU
		{7EAB15C5-D19B-4444-9ED8-7F2BA0B0A685}.Release|Any CPU.ActiveCfg = Release|Any CPU
	EndGlobalSection
	GlobalSection(SolutionProperties) = preSolution
		HideSolutionNode = FALSE
	EndGlobalSection
	GlobalSection(ExtensibilityGlobals) = postSolution
		SolutionGuid = {24D55913-A48F-4770-AB21-9FE99543B312}
	EndGlobalSection
EndGlobal
